
Microsoft Visual Studio Solution File, Format Version 12.00
# Visual Studio Version 17
VisualStudioVersion = 17.3.32901.215
MinimumVisualStudioVersion = 10.0.40219.1
Project("{FAE04EC0-301F-11D3-BF4B-00C04F79EFBC}") = "SkiServiceBackend", "SkiServiceBackend.csproj", "{E03A0254-8D2E-4359-8329-A2670111874E}"
EndProject
Global
	GlobalSection(SolutionConfigurationPlatforms) = preSolution
		Debug|Any CPU = Debug|Any CPU
		Release|Any CPU = Release|Any CPU
	EndGlobalSection
	GlobalSection(ProjectConfigurationPlatforms) = postSolution
		{E03A0254-8D2E-4359-8329-A2670111874E}.Debug|Any CPU.ActiveCfg = Debug|Any CPU
		{E03A0254-8D2E-4359-8329-A2670111874E}.Debug|Any CPU.Build.0 = Debug|Any CPU
		{E03A0254-8D2E-4359-8329-A2670111874E}.Release|Any CPU.ActiveCfg = Release|Any CPU
		{E03A0254-8D2E-4359-8329-A2670111874E}.Release|Any CPU.Build.0 = Release|Any CPU
	EndGlobalSection
	GlobalSection(SolutionProperties) = preSolution
		HideSolutionNode = FALSE
	EndGlobalSection
	GlobalSection(ExtensibilityGlobals) = postSolution
		SolutionGuid = {C2F13963-006F-4B7D-9498-97DE115D3C65}
	EndGlobalSection
EndGlobal
